// !$*UTF8*$!
{
	archiveVersion = 1;
	classes = {
	};
	objectVersion = 50;
	objects = {

/* Begin PBXBuildFile section */
		56DDEC7125A5948F00CAA6E7 /* Pet_projectApp.swift in Sources */ = {isa = PBXBuildFile; fileRef = 56DDEC7025A5948F00CAA6E7 /* Pet_projectApp.swift */; };
		56DDEC7325A5948F00CAA6E7 /* ContentView.swift in Sources */ = {isa = PBXBuildFile; fileRef = 56DDEC7225A5948F00CAA6E7 /* ContentView.swift */; };
		56DDEC7525A5949000CAA6E7 /* Assets.xcassets in Resources */ = {isa = PBXBuildFile; fileRef = 56DDEC7425A5949000CAA6E7 /* Assets.xcassets */; };
		56DDEC7825A5949000CAA6E7 /* Preview Assets.xcassets in Resources */ = {isa = PBXBuildFile; fileRef = 56DDEC7725A5949000CAA6E7 /* Preview Assets.xcassets */; };
		56DDEC8325A5949000CAA6E7 /* Pet_projectTests.swift in Sources */ = {isa = PBXBuildFile; fileRef = 56DDEC8225A5949000CAA6E7 /* Pet_projectTests.swift */; };
		56DDEC8E25A5949000CAA6E7 /* Pet_projectUITests.swift in Sources */ = {isa = PBXBuildFile; fileRef = 56DDEC8D25A5949000CAA6E7 /* Pet_projectUITests.swift */; };
		56DDECA725A59E1D00CAA6E7 /* CircleImage.swift in Sources */ = {isa = PBXBuildFile; fileRef = 56DDECA625A59E1D00CAA6E7 /* CircleImage.swift */; };
		56DDECAC25A5BF4200CAA6E7 /* Mapview.swift in Sources */ = {isa = PBXBuildFile; fileRef = 56DDECAB25A5BF4200CAA6E7 /* Mapview.swift */; };
		56DDECC925A5D01400CAA6E7 /* landmarkData.json in Resources */ = {isa = PBXBuildFile; fileRef = 56DDECC825A5D01400CAA6E7 /* landmarkData.json */; };
		56DDECCE25A5D02B00CAA6E7 /* Landmark.swift in Sources */ = {isa = PBXBuildFile; fileRef = 56DDECCD25A5D02B00CAA6E7 /* Landmark.swift */; };
		56DDECD325A5D0EB00CAA6E7 /* ModelFile.swift in Sources */ = {isa = PBXBuildFile; fileRef = 56DDECD225A5D0EB00CAA6E7 /* ModelFile.swift */; };
		56DDECE225A5D55400CAA6E7 /* LandmarkRow.swift in Sources */ = {isa = PBXBuildFile; fileRef = 56DDECE125A5D55400CAA6E7 /* LandmarkRow.swift */; };
		56DDECE725A5F62100CAA6E7 /* LandmarkList.swift in Sources */ = {isa = PBXBuildFile; fileRef = 56DDECE625A5F62100CAA6E7 /* LandmarkList.swift */; };
/* End PBXBuildFile section */

/* Begin PBXContainerItemProxy section */
		56DDEC7F25A5949000CAA6E7 /* PBXContainerItemProxy */ = {
			isa = PBXContainerItemProxy;
			containerPortal = 56DDEC6525A5948F00CAA6E7 /* Project object */;
			proxyType = 1;
			remoteGlobalIDString = 56DDEC6C25A5948F00CAA6E7;
			remoteInfo = "Pet project";
		};
		56DDEC8A25A5949000CAA6E7 /* PBXContainerItemProxy */ = {
			isa = PBXContainerItemProxy;
			containerPortal = 56DDEC6525A5948F00CAA6E7 /* Project object */;
			proxyType = 1;
			remoteGlobalIDString = 56DDEC6C25A5948F00CAA6E7;
			remoteInfo = "Pet project";
		};
/* End PBXContainerItemProxy section */

/* Begin PBXFileReference section */
		56DDEC6D25A5948F00CAA6E7 /* Pet project.app */ = {isa = PBXFileReference; explicitFileType = wrapper.application; includeInIndex = 0; path = "Pet project.app"; sourceTree = BUILT_PRODUCTS_DIR; };
		56DDEC7025A5948F00CAA6E7 /* Pet_projectApp.swift */ = {isa = PBXFileReference; lastKnownFileType = sourcecode.swift; path = Pet_projectApp.swift; sourceTree = "<group>"; };
		56DDEC7225A5948F00CAA6E7 /* ContentView.swift */ = {isa = PBXFileReference; lastKnownFileType = sourcecode.swift; path = ContentView.swift; sourceTree = "<group>"; };
		56DDEC7425A5949000CAA6E7 /* Assets.xcassets */ = {isa = PBXFileReference; lastKnownFileType = folder.assetcatalog; path = Assets.xcassets; sourceTree = "<group>"; };
		56DDEC7725A5949000CAA6E7 /* Preview Assets.xcassets */ = {isa = PBXFileReference; lastKnownFileType = folder.assetcatalog; path = "Preview Assets.xcassets"; sourceTree = "<group>"; };
		56DDEC7925A5949000CAA6E7 /* Info.plist */ = {isa = PBXFileReference; lastKnownFileType = text.plist.xml; path = Info.plist; sourceTree = "<group>"; };
		56DDEC7E25A5949000CAA6E7 /* Pet projectTests.xctest */ = {isa = PBXFileReference; explicitFileType = wrapper.cfbundle; includeInIndex = 0; path = "Pet projectTests.xctest"; sourceTree = BUILT_PRODUCTS_DIR; };
		56DDEC8225A5949000CAA6E7 /* Pet_projectTests.swift */ = {isa = PBXFileReference; lastKnownFileType = sourcecode.swift; path = Pet_projectTests.swift; sourceTree = "<group>"; };
		56DDEC8425A5949000CAA6E7 /* Info.plist */ = {isa = PBXFileReference; lastKnownFileType = text.plist.xml; path = Info.plist; sourceTree = "<group>"; };
		56DDEC8925A5949000CAA6E7 /* Pet projectUITests.xctest */ = {isa = PBXFileReference; explicitFileType = wrapper.cfbundle; includeInIndex = 0; path = "Pet projectUITests.xctest"; sourceTree = BUILT_PRODUCTS_DIR; };
		56DDEC8D25A5949000CAA6E7 /* Pet_projectUITests.swift */ = {isa = PBXFileReference; lastKnownFileType = sourcecode.swift; path = Pet_projectUITests.swift; sourceTree = "<group>"; };
		56DDEC8F25A5949000CAA6E7 /* Info.plist */ = {isa = PBXFileReference; lastKnownFileType = text.plist.xml; path = Info.plist; sourceTree = "<group>"; };
		56DDECA625A59E1D00CAA6E7 /* CircleImage.swift */ = {isa = PBXFileReference; lastKnownFileType = sourcecode.swift; path = CircleImage.swift; sourceTree = "<group>"; };
		56DDECAB25A5BF4200CAA6E7 /* Mapview.swift */ = {isa = PBXFileReference; lastKnownFileType = sourcecode.swift; path = Mapview.swift; sourceTree = "<group>"; };
		56DDECC825A5D01400CAA6E7 /* landmarkData.json */ = {isa = PBXFileReference; fileEncoding = 4; lastKnownFileType = text.json; path = landmarkData.json; sourceTree = "<group>"; };
		56DDECCD25A5D02B00CAA6E7 /* Landmark.swift */ = {isa = PBXFileReference; lastKnownFileType = sourcecode.swift; path = Landmark.swift; sourceTree = "<group>"; };
		56DDECD225A5D0EB00CAA6E7 /* ModelFile.swift */ = {isa = PBXFileReference; lastKnownFileType = sourcecode.swift; path = ModelFile.swift; sourceTree = "<group>"; };
		56DDECE125A5D55400CAA6E7 /* LandmarkRow.swift */ = {isa = PBXFileReference; lastKnownFileType = sourcecode.swift; path = LandmarkRow.swift; sourceTree = "<group>"; };
		56DDECE625A5F62100CAA6E7 /* LandmarkList.swift */ = {isa = PBXFileReference; lastKnownFileType = sourcecode.swift; path = LandmarkList.swift; sourceTree = "<group>"; };
/* End PBXFileReference section */

/* Begin PBXFrameworksBuildPhase section */
		56DDEC6A25A5948F00CAA6E7 /* Frameworks */ = {
			isa = PBXFrameworksBuildPhase;
			buildActionMask = 2147483647;
			files = (
			);
			runOnlyForDeploymentPostprocessing = 0;
		};
		56DDEC7B25A5949000CAA6E7 /* Frameworks */ = {
			isa = PBXFrameworksBuildPhase;
			buildActionMask = 2147483647;
			files = (
			);
			runOnlyForDeploymentPostprocessing = 0;
		};
		56DDEC8625A5949000CAA6E7 /* Frameworks */ = {
			isa = PBXFrameworksBuildPhase;
			buildActionMask = 2147483647;
			files = (
			);
			runOnlyForDeploymentPostprocessing = 0;
		};
/* End PBXFrameworksBuildPhase section */

/* Begin PBXGroup section */
		56DDEC6425A5948F00CAA6E7 = {
			isa = PBXGroup;
			children = (
				56DDEC6F25A5948F00CAA6E7 /* Pet project */,
				56DDEC8125A5949000CAA6E7 /* Pet projectTests */,
				56DDEC8C25A5949000CAA6E7 /* Pet projectUITests */,
				56DDEC6E25A5948F00CAA6E7 /* Products */,
			);
			sourceTree = "<group>";
		};
		56DDEC6E25A5948F00CAA6E7 /* Products */ = {
			isa = PBXGroup;
			children = (
				56DDEC6D25A5948F00CAA6E7 /* Pet project.app */,
				56DDEC7E25A5949000CAA6E7 /* Pet projectTests.xctest */,
				56DDEC8925A5949000CAA6E7 /* Pet projectUITests.xctest */,
			);
			name = Products;
			sourceTree = "<group>";
		};
		56DDEC6F25A5948F00CAA6E7 /* Pet project */ = {
			isa = PBXGroup;
			children = (
				56DDEC7025A5948F00CAA6E7 /* Pet_projectApp.swift */,
				56DDECDA25A5D4F000CAA6E7 /* Resources */,
				56DDECD925A5D4E600CAA6E7 /* Model */,
				56DDECCD25A5D02B00CAA6E7 /* Landmark.swift */,
				56DDECD225A5D0EB00CAA6E7 /* ModelFile.swift */,
				56DDECD725A5D4C600CAA6E7 /* Views */,
				56DDEC7225A5948F00CAA6E7 /* ContentView.swift */,
				56DDECE125A5D55400CAA6E7 /* LandmarkRow.swift */,
				56DDECE625A5F62100CAA6E7 /* LandmarkList.swift */,
				56DDECA625A59E1D00CAA6E7 /* CircleImage.swift */,
				56DDECAB25A5BF4200CAA6E7 /* Mapview.swift */,
				56DDEC7925A5949000CAA6E7 /* Info.plist */,
				56DDEC7425A5949000CAA6E7 /* Assets.xcassets */,
				56DDEC7625A5949000CAA6E7 /* Preview Content */,
			);
			path = "Pet project";
			sourceTree = "<group>";
		};
		56DDEC7625A5949000CAA6E7 /* Preview Content */ = {
			isa = PBXGroup;
			children = (
				56DDEC7725A5949000CAA6E7 /* Preview Assets.xcassets */,
			);
			path = "Preview Content";
			sourceTree = "<group>";
		};
		56DDEC8125A5949000CAA6E7 /* Pet projectTests */ = {
			isa = PBXGroup;
			children = (
				56DDEC8225A5949000CAA6E7 /* Pet_projectTests.swift */,
				56DDEC8425A5949000CAA6E7 /* Info.plist */,
			);
			path = "Pet projectTests";
			sourceTree = "<group>";
		};
		56DDEC8C25A5949000CAA6E7 /* Pet projectUITests */ = {
			isa = PBXGroup;
			children = (
				56DDEC8D25A5949000CAA6E7 /* Pet_projectUITests.swift */,
				56DDEC8F25A5949000CAA6E7 /* Info.plist */,
			);
			path = "Pet projectUITests";
			sourceTree = "<group>";
		};
		56DDECD725A5D4C600CAA6E7 /* Views */ = {
			isa = PBXGroup;
			children = (
			);
			path = Views;
			sourceTree = "<group>";
		};
		56DDECD925A5D4E600CAA6E7 /* Model */ = {
			isa = PBXGroup;
			children = (
			);
			path = Model;
			sourceTree = "<group>";
		};
		56DDECDA25A5D4F000CAA6E7 /* Resources */ = {
			isa = PBXGroup;
			children = (
				56DDECC825A5D01400CAA6E7 /* landmarkData.json */,
			);
			path = Resources;
			sourceTree = "<group>";
		};
/* End PBXGroup section */

/* Begin PBXNativeTarget section */
		56DDEC6C25A5948F00CAA6E7 /* Pet project */ = {
			isa = PBXNativeTarget;
			buildConfigurationList = 56DDEC9225A5949000CAA6E7 /* Build configuration list for PBXNativeTarget "Pet project" */;
			buildPhases = (
				56DDEC6925A5948F00CAA6E7 /* Sources */,
				56DDEC6A25A5948F00CAA6E7 /* Frameworks */,
				56DDEC6B25A5948F00CAA6E7 /* Resources */,
			);
			buildRules = (
			);
			dependencies = (
			);
			name = "Pet project";
			productName = "Pet project";
			productReference = 56DDEC6D25A5948F00CAA6E7 /* Pet project.app */;
			productType = "com.apple.product-type.application";
		};
		56DDEC7D25A5949000CAA6E7 /* Pet projectTests */ = {
			isa = PBXNativeTarget;
			buildConfigurationList = 56DDEC9525A5949000CAA6E7 /* Build configuration list for PBXNativeTarget "Pet projectTests" */;
			buildPhases = (
				56DDEC7A25A5949000CAA6E7 /* Sources */,
				56DDEC7B25A5949000CAA6E7 /* Frameworks */,
				56DDEC7C25A5949000CAA6E7 /* Resources */,
			);
			buildRules = (
			);
			dependencies = (
				56DDEC8025A5949000CAA6E7 /* PBXTargetDependency */,
			);
			name = "Pet projectTests";
			productName = "Pet projectTests";
			productReference = 56DDEC7E25A5949000CAA6E7 /* Pet projectTests.xctest */;
			productType = "com.apple.product-type.bundle.unit-test";
		};
		56DDEC8825A5949000CAA6E7 /* Pet projectUITests */ = {
			isa = PBXNativeTarget;
			buildConfigurationList = 56DDEC9825A5949000CAA6E7 /* Build configuration list for PBXNativeTarget "Pet projectUITests" */;
			buildPhases = (
				56DDEC8525A5949000CAA6E7 /* Sources */,
				56DDEC8625A5949000CAA6E7 /* Frameworks */,
				56DDEC8725A5949000CAA6E7 /* Resources */,
			);
			buildRules = (
			);
			dependencies = (
				56DDEC8B25A5949000CAA6E7 /* PBXTargetDependency */,
			);
			name = "Pet projectUITests";
			productName = "Pet projectUITests";
			productReference = 56DDEC8925A5949000CAA6E7 /* Pet projectUITests.xctest */;
			productType = "com.apple.product-type.bundle.ui-testing";
		};
/* End PBXNativeTarget section */

/* Begin PBXProject section */
		56DDEC6525A5948F00CAA6E7 /* Project object */ = {
			isa = PBXProject;
			attributes = {
				LastSwiftUpdateCheck = 1230;
				LastUpgradeCheck = 1230;
				TargetAttributes = {
					56DDEC6C25A5948F00CAA6E7 = {
						CreatedOnToolsVersion = 12.3;
					};
					56DDEC7D25A5949000CAA6E7 = {
						CreatedOnToolsVersion = 12.3;
						TestTargetID = 56DDEC6C25A5948F00CAA6E7;
					};
					56DDEC8825A5949000CAA6E7 = {
						CreatedOnToolsVersion = 12.3;
						TestTargetID = 56DDEC6C25A5948F00CAA6E7;
					};
				};
			};
			buildConfigurationList = 56DDEC6825A5948F00CAA6E7 /* Build configuration list for PBXProject "Pet project" */;
			compatibilityVersion = "Xcode 9.3";
			developmentRegion = en;
			hasScannedForEncodings = 0;
			knownRegions = (
				en,
				Base,
			);
			mainGroup = 56DDEC6425A5948F00CAA6E7;
			productRefGroup = 56DDEC6E25A5948F00CAA6E7 /* Products */;
			projectDirPath = "";
			projectRoot = "";
			targets = (
				56DDEC6C25A5948F00CAA6E7 /* Pet project */,
				56DDEC7D25A5949000CAA6E7 /* Pet projectTests */,
				56DDEC8825A5949000CAA6E7 /* Pet projectUITests */,
			);
		};
/* End PBXProject section */

/* Begin PBXResourcesBuildPhase section */
		56DDEC6B25A5948F00CAA6E7 /* Resources */ = {
			isa = PBXResourcesBuildPhase;
			buildActionMask = 2147483647;
			files = (
				56DDEC7825A5949000CAA6E7 /* Preview Assets.xcassets in Resources */,
				56DDEC7525A5949000CAA6E7 /* Assets.xcassets in Resources */,
				56DDECC925A5D01400CAA6E7 /* landmarkData.json in Resources */,
			);
			runOnlyForDeploymentPostprocessing = 0;
		};
		56DDEC7C25A5949000CAA6E7 /* Resources */ = {
			isa = PBXResourcesBuildPhase;
			buildActionMask = 2147483647;
			files = (
			);
			runOnlyForDeploymentPostprocessing = 0;
		};
		56DDEC8725A5949000CAA6E7 /* Resources */ = {
			isa = PBXResourcesBuildPhase;
			buildActionMask = 2147483647;
			files = (
			);
			runOnlyForDeploymentPostprocessing = 0;
		};
/* End PBXResourcesBuildPhase section */

/* Begin PBXSourcesBuildPhase section */
		56DDEC6925A5948F00CAA6E7 /* Sources */ = {
			isa = PBXSourcesBuildPhase;
			buildActionMask = 2147483647;
			files = (
				56DDEC7325A5948F00CAA6E7 /* ContentView.swift in Sources */,
				56DDECAC25A5BF4200CAA6E7 /* Mapview.swift in Sources */,
				56DDEC7125A5948F00CAA6E7 /* Pet_projectApp.swift in Sources */,
				56DDECE725A5F62100CAA6E7 /* LandmarkList.swift in Sources */,
				56DDECD325A5D0EB00CAA6E7 /* ModelFile.swift in Sources */,
				56DDECA725A59E1D00CAA6E7 /* CircleImage.swift in Sources */,
				56DDECE225A5D55400CAA6E7 /* LandmarkRow.swift in Sources */,
				56DDECCE25A5D02B00CAA6E7 /* Landmark.swift in Sources */,
			);
			runOnlyForDeploymentPostprocessing = 0;
		};
		56DDEC7A25A5949000CAA6E7 /* Sources */ = {
			isa = PBXSourcesBuildPhase;
			buildActionMask = 2147483647;
			files = (
				56DDEC8325A5949000CAA6E7 /* Pet_projectTests.swift in Sources */,
			);
			runOnlyForDeploymentPostprocessing = 0;
		};
		56DDEC8525A5949000CAA6E7 /* Sources */ = {
			isa = PBXSourcesBuildPhase;
			buildActionMask = 2147483647;
			files = (
				56DDEC8E25A5949000CAA6E7 /* Pet_projectUITests.swift in Sources */,
			);
			runOnlyForDeploymentPostprocessing = 0;
		};
/* End PBXSourcesBuildPhase section */

/* Begin PBXTargetDependency section */
		56DDEC8025A5949000CAA6E7 /* PBXTargetDependency */ = {
			isa = PBXTargetDependency;
			target = 56DDEC6C25A5948F00CAA6E7 /* Pet project */;
			targetProxy = 56DDEC7F25A5949000CAA6E7 /* PBXContainerItemProxy */;
		};
		56DDEC8B25A5949000CAA6E7 /* PBXTargetDependency */ = {
			isa = PBXTargetDependency;
			target = 56DDEC6C25A5948F00CAA6E7 /* Pet project */;
			targetProxy = 56DDEC8A25A5949000CAA6E7 /* PBXContainerItemProxy */;
		};
/* End PBXTargetDependency section */

/* Begin XCBuildConfiguration section */
		56DDEC9025A5949000CAA6E7 /* Debug */ = {
			isa = XCBuildConfiguration;
			buildSettings = {
				ALWAYS_SEARCH_USER_PATHS = NO;
				CLANG_ANALYZER_NONNULL = YES;
				CLANG_ANALYZER_NUMBER_OBJECT_CONVERSION = YES_AGGRESSIVE;
				CLANG_CXX_LANGUAGE_STANDARD = "gnu++14";
				CLANG_CXX_LIBRARY = "libc++";
				CLANG_ENABLE_MODULES = YES;
				CLANG_ENABLE_OBJC_ARC = YES;
				CLANG_ENABLE_OBJC_WEAK = YES;
				CLANG_WARN_BLOCK_CAPTURE_AUTORELEASING = YES;
				CLANG_WARN_BOOL_CONVERSION = YES;
				CLANG_WARN_COMMA = YES;
				CLANG_WARN_CONSTANT_CONVERSION = YES;
				CLANG_WARN_DEPRECATED_OBJC_IMPLEMENTATIONS = YES;
				CLANG_WARN_DIRECT_OBJC_ISA_USAGE = YES_ERROR;
				CLANG_WARN_DOCUMENTATION_COMMENTS = YES;
				CLANG_WARN_EMPTY_BODY = YES;
				CLANG_WARN_ENUM_CONVERSION = YES;
				CLANG_WARN_INFINITE_RECURSION = YES;
				CLANG_WARN_INT_CONVERSION = YES;
				CLANG_WARN_NON_LITERAL_NULL_CONVERSION = YES;
				CLANG_WARN_OBJC_IMPLICIT_RETAIN_SELF = YES;
				CLANG_WARN_OBJC_LITERAL_CONVERSION = YES;
				CLANG_WARN_OBJC_ROOT_CLASS = YES_ERROR;
				CLANG_WARN_QUOTED_INCLUDE_IN_FRAMEWORK_HEADER = YES;
				CLANG_WARN_RANGE_LOOP_ANALYSIS = YES;
				CLANG_WARN_STRICT_PROTOTYPES = YES;
				CLANG_WARN_SUSPICIOUS_MOVE = YES;
				CLANG_WARN_UNGUARDED_AVAILABILITY = YES_AGGRESSIVE;
				CLANG_WARN_UNREACHABLE_CODE = YES;
				CLANG_WARN__DUPLICATE_METHOD_MATCH = YES;
				COPY_PHASE_STRIP = NO;
				DEBUG_INFORMATION_FORMAT = dwarf;
				ENABLE_STRICT_OBJC_MSGSEND = YES;
				ENABLE_TESTABILITY = YES;
				GCC_C_LANGUAGE_STANDARD = gnu11;
				GCC_DYNAMIC_NO_PIC = NO;
				GCC_NO_COMMON_BLOCKS = YES;
				GCC_OPTIMIZATION_LEVEL = 0;
				GCC_PREPROCESSOR_DEFINITIONS = (
					"DEBUG=1",
					"$(inherited)",
				);
				GCC_WARN_64_TO_32_BIT_CONVERSION = YES;
				GCC_WARN_ABOUT_RETURN_TYPE = YES_ERROR;
				GCC_WARN_UNDECLARED_SELECTOR = YES;
				GCC_WARN_UNINITIALIZED_AUTOS = YES_AGGRESSIVE;
				GCC_WARN_UNUSED_FUNCTION = YES;
				GCC_WARN_UNUSED_VARIABLE = YES;
				IPHONEOS_DEPLOYMENT_TARGET = 14.3;
				MTL_ENABLE_DEBUG_INFO = INCLUDE_SOURCE;
				MTL_FAST_MATH = YES;
				ONLY_ACTIVE_ARCH = YES;
				SDKROOT = iphoneos;
				SWIFT_ACTIVE_COMPILATION_CONDITIONS = DEBUG;
				SWIFT_OPTIMIZATION_LEVEL = "-Onone";
			};
			name = Debug;
		};
		56DDEC9125A5949000CAA6E7 /* Release */ = {
			isa = XCBuildConfiguration;
			buildSettings = {
				ALWAYS_SEARCH_USER_PATHS = NO;
				CLANG_ANALYZER_NONNULL = YES;
				CLANG_ANALYZER_NUMBER_OBJECT_CONVERSION = YES_AGGRESSIVE;
				CLANG_CXX_LANGUAGE_STANDARD = "gnu++14";
				CLANG_CXX_LIBRARY = "libc++";
				CLANG_ENABLE_MODULES = YES;
				CLANG_ENABLE_OBJC_ARC = YES;
				CLANG_ENABLE_OBJC_WEAK = YES;
				CLANG_WARN_BLOCK_CAPTURE_AUTORELEASING = YES;
				CLANG_WARN_BOOL_CONVERSION = YES;
				CLANG_WARN_COMMA = YES;
				CLANG_WARN_CONSTANT_CONVERSION = YES;
				CLANG_WARN_DEPRECATED_OBJC_IMPLEMENTATIONS = YES;
				CLANG_WARN_DIRECT_OBJC_ISA_USAGE = YES_ERROR;
				CLANG_WARN_DOCUMENTATION_COMMENTS = YES;
				CLANG_WARN_EMPTY_BODY = YES;
				CLANG_WARN_ENUM_CONVERSION = YES;
				CLANG_WARN_INFINITE_RECURSION = YES;
				CLANG_WARN_INT_CONVERSION = YES;
				CLANG_WARN_NON_LITERAL_NULL_CONVERSION = YES;
				CLANG_WARN_OBJC_IMPLICIT_RETAIN_SELF = YES;
				CLANG_WARN_OBJC_LITERAL_CONVERSION = YES;
				CLANG_WARN_OBJC_ROOT_CLASS = YES_ERROR;
				CLANG_WARN_QUOTED_INCLUDE_IN_FRAMEWORK_HEADER = YES;
				CLANG_WARN_RANGE_LOOP_ANALYSIS = YES;
				CLANG_WARN_STRICT_PROTOTYPES = YES;
				CLANG_WARN_SUSPICIOUS_MOVE = YES;
				CLANG_WARN_UNGUARDED_AVAILABILITY = YES_AGGRESSIVE;
				CLANG_WARN_UNREACHABLE_CODE = YES;
				CLANG_WARN__DUPLICATE_METHOD_MATCH = YES;
				COPY_PHASE_STRIP = NO;
				DEBUG_INFORMATION_FORMAT = "dwarf-with-dsym";
				ENABLE_NS_ASSERTIONS = NO;
				ENABLE_STRICT_OBJC_MSGSEND = YES;
				GCC_C_LANGUAGE_STANDARD = gnu11;
				GCC_NO_COMMON_BLOCKS = YES;
				GCC_WARN_64_TO_32_BIT_CONVERSION = YES;
				GCC_WARN_ABOUT_RETURN_TYPE = YES_ERROR;
				GCC_WARN_UNDECLARED_SELECTOR = YES;
				GCC_WARN_UNINITIALIZED_AUTOS = YES_AGGRESSIVE;
				GCC_WARN_UNUSED_FUNCTION = YES;
				GCC_WARN_UNUSED_VARIABLE = YES;
				IPHONEOS_DEPLOYMENT_TARGET = 14.3;
				MTL_ENABLE_DEBUG_INFO = NO;
				MTL_FAST_MATH = YES;
				SDKROOT = iphoneos;
				SWIFT_COMPILATION_MODE = wholemodule;
				SWIFT_OPTIMIZATION_LEVEL = "-O";
				VALIDATE_PRODUCT = YES;
			};
			name = Release;
		};
		56DDEC9325A5949000CAA6E7 /* Debug */ = {
			isa = XCBuildConfiguration;
			buildSettings = {
				ASSETCATALOG_COMPILER_APPICON_NAME = AppIcon;
				ASSETCATALOG_COMPILER_GLOBAL_ACCENT_COLOR_NAME = AccentColor;
				CODE_SIGN_STYLE = Automatic;
				DEVELOPMENT_ASSET_PATHS = "\"Pet project/Preview Content\"";
				ENABLE_PREVIEWS = YES;
				INFOPLIST_FILE = "Pet project/Info.plist";
				IPHONEOS_DEPLOYMENT_TARGET = 14.0;
				LD_RUNPATH_SEARCH_PATHS = (
					"$(inherited)",
					"@executable_path/Frameworks",
				);
				PRODUCT_BUNDLE_IDENTIFIER = "hi.Pet-project";
				PRODUCT_NAME = "$(TARGET_NAME)";
				SWIFT_VERSION = 5.0;
				TARGETED_DEVICE_FAMILY = "1,2";
			};
			name = Debug;
		};
		56DDEC9425A5949000CAA6E7 /* Release */ = {
			isa = XCBuildConfiguration;
			buildSettings = {
				ASSETCATALOG_COMPILER_APPICON_NAME = AppIcon;
				ASSETCATALOG_COMPILER_GLOBAL_ACCENT_COLOR_NAME = AccentColor;
				CODE_SIGN_STYLE = Automatic;
				DEVELOPMENT_ASSET_PATHS = "\"Pet project/Preview Content\"";
				ENABLE_PREVIEWS = YES;
				INFOPLIST_FILE = "Pet project/Info.plist";
				IPHONEOS_DEPLOYMENT_TARGET = 14.0;
				LD_RUNPATH_SEARCH_PATHS = (
					"$(inherited)",
					"@executable_path/Frameworks",
				);
				PRODUCT_BUNDLE_IDENTIFIER = "hi.Pet-project";
				PRODUCT_NAME = "$(TARGET_NAME)";
				SWIFT_VERSION = 5.0;
				TARGETED_DEVICE_FAMILY = "1,2";
			};
			name = Release;
		};
		56DDEC9625A5949000CAA6E7 /* Debug */ = {
			isa = XCBuildConfiguration;
			buildSettings = {
				ALWAYS_EMBED_SWIFT_STANDARD_LIBRARIES = YES;
				BUNDLE_LOADER = "$(TEST_HOST)";
				CODE_SIGN_STYLE = Automatic;
				INFOPLIST_FILE = "Pet projectTests/Info.plist";
				IPHONEOS_DEPLOYMENT_TARGET = 14.0;
				LD_RUNPATH_SEARCH_PATHS = (
					"$(inherited)",
					"@executable_path/Frameworks",
					"@loader_path/Frameworks",
				);
				PRODUCT_BUNDLE_IDENTIFIER = "hi.Pet-projectTests";
				PRODUCT_NAME = "$(TARGET_NAME)";
				SWIFT_VERSION = 5.0;
				TARGETED_DEVICE_FAMILY = "1,2";
				TEST_HOST = "$(BUILT_PRODUCTS_DIR)/Pet project.app/Pet project";
			};
			name = Debug;
		};
		56DDEC9725A5949000CAA6E7 /* Release */ = {
			isa = XCBuildConfiguration;
			buildSettings = {
				ALWAYS_EMBED_SWIFT_STANDARD_LIBRARIES = YES;
				BUNDLE_LOADER = "$(TEST_HOST)";
				CODE_SIGN_STYLE = Automatic;
				INFOPLIST_FILE = "Pet projectTests/Info.plist";
				IPHONEOS_DEPLOYMENT_TARGET = 14.0;
				LD_RUNPATH_SEARCH_PATHS = (
					"$(inherited)",
					"@executable_path/Frameworks",
					"@loader_path/Frameworks",
				);
				PRODUCT_BUNDLE_IDENTIFIER = "hi.Pet-projectTests";
				PRODUCT_NAME = "$(TARGET_NAME)";
				SWIFT_VERSION = 5.0;
				TARGETED_DEVICE_FAMILY = "1,2";
				TEST_HOST = "$(BUILT_PRODUCTS_DIR)/Pet project.app/Pet project";
			};
			name = Release;
		};
		56DDEC9925A5949000CAA6E7 /* Debug */ = {
			isa = XCBuildConfiguration;
			buildSettings = {
				ALWAYS_EMBED_SWIFT_STANDARD_LIBRARIES = YES;
				CODE_SIGN_STYLE = Automatic;
				INFOPLIST_FILE = "Pet projectUITests/Info.plist";
				LD_RUNPATH_SEARCH_PATHS = (
					"$(inherited)",
					"@executable_path/Frameworks",
					"@loader_path/Frameworks",
				);
				PRODUCT_BUNDLE_IDENTIFIER = "hi.Pet-projectUITests";
				PRODUCT_NAME = "$(TARGET_NAME)";
				SWIFT_VERSION = 5.0;
				TARGETED_DEVICE_FAMILY = "1,2";
				TEST_TARGET_NAME = "Pet project";
			};
			name = Debug;
		};
		56DDEC9A25A5949000CAA6E7 /* Release */ = {
			isa = XCBuildConfiguration;
			buildSettings = {
				ALWAYS_EMBED_SWIFT_STANDARD_LIBRARIES = YES;
				CODE_SIGN_STYLE = Automatic;
				INFOPLIST_FILE = "Pet projectUITests/Info.plist";
				LD_RUNPATH_SEARCH_PATHS = (
					"$(inherited)",
					"@executable_path/Frameworks",
					"@loader_path/Frameworks",
				);
				PRODUCT_BUNDLE_IDENTIFIER = "hi.Pet-projectUITests";
				PRODUCT_NAME = "$(TARGET_NAME)";
				SWIFT_VERSION = 5.0;
				TARGETED_DEVICE_FAMILY = "1,2";
				TEST_TARGET_NAME = "Pet project";
			};
			name = Release;
		};
/* End XCBuildConfiguration section */

/* Begin XCConfigurationList section */
		56DDEC6825A5948F00CAA6E7 /* Build configuration list for PBXProject "Pet project" */ = {
			isa = XCConfigurationList;
			buildConfigurations = (
				56DDEC9025A5949000CAA6E7 /* Debug */,
				56DDEC9125A5949000CAA6E7 /* Release */,
			);
			defaultConfigurationIsVisible = 0;
			defaultConfigurationName = Release;
		};
		56DDEC9225A5949000CAA6E7 /* Build configuration list for PBXNativeTarget "Pet project" */ = {
			isa = XCConfigurationList;
			buildConfigurations = (
				56DDEC9325A5949000CAA6E7 /* Debug */,
				56DDEC9425A5949000CAA6E7 /* Release */,
			);
			defaultConfigurationIsVisible = 0;
			defaultConfigurationName = Release;
		};
		56DDEC9525A5949000CAA6E7 /* Build configuration list for PBXNativeTarget "Pet projectTests" */ = {
			isa = XCConfigurationList;
			buildConfigurations = (
				56DDEC9625A5949000CAA6E7 /* Debug */,
				56DDEC9725A5949000CAA6E7 /* Release */,
			);
			defaultConfigurationIsVisible = 0;
			defaultConfigurationName = Release;
		};
		56DDEC9825A5949000CAA6E7 /* Build configuration list for PBXNativeTarget "Pet projectUITests" */ = {
			isa = XCConfigurationList;
			buildConfigurations = (
				56DDEC9925A5949000CAA6E7 /* Debug */,
				56DDEC9A25A5949000CAA6E7 /* Release */,
			);
			defaultConfigurationIsVisible = 0;
			defaultConfigurationName = Release;
		};
/* End XCConfigurationList section */
	};
	rootObject = 56DDEC6525A5948F00CAA6E7 /* Project object */;
}
